{
  "nodes": {
    "flake-compat": {
      "flake": false,
      "locked": {
        "lastModified": 1673956053,
        "narHash": "sha256-4gtG9iQuiKITOjNQQeQIpoIB6b16fm+504Ch3sNKLd8=",
        "owner": "edolstra",
        "repo": "flake-compat",
        "rev": "35bb57c0c8d8b62bbfd284272c928ceb64ddbde9",
        "type": "github"
      },
      "original": {
        "owner": "edolstra",
        "repo": "flake-compat",
        "type": "github"
      }
    },
    "flake-utils": {
      "inputs": {
        "systems": "systems"
      },
      "locked": {
        "lastModified": 1681202837,
        "narHash": "sha256-H+Rh19JDwRtpVPAWp64F+rlEtxUWBAQW28eAi3SRSzg=",
        "owner": "numtide",
        "repo": "flake-utils",
        "rev": "cfacdce06f30d2b68473a46042957675eebb3401",
        "type": "github"
      },
      "original": {
        "owner": "numtide",
        "repo": "flake-utils",
        "type": "github"
      }
    },
    "home-manager": {
      "inputs": {
        "nixpkgs": [
          "nixpkgs"
        ]
      },
      "locked": {
        "lastModified": 1684321175,
        "narHash": "sha256-V4EbM+jK7pvjKBaj0dgAiW9ultzDE27Nz5fRyu/ceMk=",
        "owner": "nix-community",
        "repo": "home-manager",
        "rev": "59659243cd4ababda605e79b4a9c2e6d83e24c86",
        "type": "github"
      },
      "original": {
        "owner": "nix-community",
        "repo": "home-manager",
        "type": "github"
      }
    },
    "jj": {
      "inputs": {
        "flake-utils": [
          "flake-utils"
        ],
        "nixpkgs": [
          "nixpkgs"
        ],
        "rust-overlay": "rust-overlay"
      },
      "locked": {
        "lastModified": 1684426868,
        "narHash": "sha256-BQ3N+BY06SvH9eKIJoAc8h58cjDXDx/behgcuHx2480=",
        "owner": "martinvonz",
        "repo": "jj",
        "rev": "38bac08f25523f767f6df63857be2cf291c58ca4",
        "type": "github"
      },
      "original": {
        "owner": "martinvonz",
        "repo": "jj",
        "type": "github"
      }
    },
    "nix-vscode-extensions": {
      "inputs": {
        "flake-compat": "flake-compat",
        "flake-utils": [
          "flake-utils"
        ],
        "nixpkgs": [
          "nixpkgs"
        ]
      },
      "locked": {
        "lastModified": 1684372358,
        "narHash": "sha256-RzmSeldfL9oSJVjoFHa8RKc1HlBXINP0lplnxxV+vVY=",
        "owner": "nix-community",
        "repo": "nix-vscode-extensions",
        "rev": "51d430bb340bedb0eab5959278884620b87b07a3",
        "type": "github"
      },
      "original": {
        "owner": "nix-community",
        "repo": "nix-vscode-extensions",
        "type": "github"
      }
    },
    "nixpkgs": {
      "locked": {
        "lastModified": 1684385584,
        "narHash": "sha256-O7y0gK8OLIDqz+LaHJJyeu09IGiXlZIS3+JgEzGmmJA=",
        "owner": "nixos",
        "repo": "nixpkgs",
        "rev": "48a0fb7aab511df92a17cf239c37f2bd2ec9ae3a",
        "type": "github"
      },
      "original": {
        "owner": "nixos",
        "ref": "nixos-unstable",
        "repo": "nixpkgs",
        "type": "github"
      }
    },
    "root": {
      "inputs": {
        "flake-utils": "flake-utils",
        "home-manager": "home-manager",
        "jj": "jj",
        "nix-vscode-extensions": "nix-vscode-extensions",
        "nixpkgs": "nixpkgs"
      }
    },
    "rust-overlay": {
      "inputs": {
        "flake-utils": [
          "jj",
          "flake-utils"
        ],
        "nixpkgs": [
          "jj",
          "nixpkgs"
        ]
      },
      "locked": {
        "lastModified": 1674095406,
        "narHash": "sha256-RexH/1rZTiX4OhdYkuJP3MuANJ+JRgoLKL60iHm//T0=",
        "owner": "oxalica",
        "repo": "rust-overlay",
        "rev": "5f7315b9800e2e500e6834767a57e39f7dbfd495",
        "type": "github"
      },
      "original": {
        "owner": "oxalica",
        "repo": "rust-overlay",
        "type": "github"
      }
    },
    "systems": {
      "locked": {
        "lastModified": 1681028828,
        "narHash": "sha256-Vy1rq5AaRuLzOxct8nz4T6wlgyUR7zLU309k9mBC768=",
        "owner": "nix-systems",
        "repo": "default",
        "rev": "da67096a3b9bf56a91d16901293e51ba5b49a27e",
        "type": "github"
      },
      "original": {
        "owner": "nix-systems",
        "repo": "default",
        "type": "github"
      }
    }
  },
  "root": "root",
  "version": 7
}
